
Microsoft Visual Studio Solution File, Format Version 12.00
# Visual Studio 2013
VisualStudioVersion = 12.0.40629.0
MinimumVisualStudioVersion = 10.0.40219.1
Project("{FAE04EC0-301F-11D3-BF4B-00C04F79EFBC}") = "WrocTracker", "WrocTracker\WrocTracker.csproj", "{0BCB9B26-43A3-43E0-8CF7-8812CD9825D0}"
EndProject
Project("{FAE04EC0-301F-11D3-BF4B-00C04F79EFBC}") = "WrocTrackerClient", "WrocTrackerClient\WrocTrackerClient.csproj", "{67A31BE7-852C-406F-9FF1-857CEBDC9C3F}"
EndProject
Project("{FAE04EC0-301F-11D3-BF4B-00C04F79EFBC}") = "TrackerApp1", "TrackerApp1\TrackerApp1.csproj", "{C6FE44D0-2DC9-4AC3-ACC9-5890F19512F7}"
EndProject
Project("{FAE04EC0-301F-11D3-BF4B-00C04F79EFBC}") = "TrackerForWindowsPhoneClassLibrary", "TrackerForWindowsPhoneClassLibrary\TrackerForWindowsPhoneClassLibrary.csproj", "{CC2C5C47-A12C-40B0-A468-DA20B92F6698}"
EndProject
Global
	GlobalSection(SolutionConfigurationPlatforms) = preSolution
		Debug|Any CPU = Debug|Any CPU
		Debug|ARM = Debug|ARM
		Debug|x86 = Debug|x86
		Release|Any CPU = Release|Any CPU
		Release|ARM = Release|ARM
		Release|x86 = Release|x86
	EndGlobalSection
	GlobalSection(ProjectConfigurationPlatforms) = postSolution
		{0BCB9B26-43A3-43E0-8CF7-8812CD9825D0}.Debug|Any CPU.ActiveCfg = Debug|Any CPU
		{0BCB9B26-43A3-43E0-8CF7-8812CD9825D0}.Debug|Any CPU.Build.0 = Debug|Any CPU
		{0BCB9B26-43A3-43E0-8CF7-8812CD9825D0}.Debug|ARM.ActiveCfg = Debug|Any CPU
		{0BCB9B26-43A3-43E0-8CF7-8812CD9825D0}.Debug|x86.ActiveCfg = Debug|Any CPU
		{0BCB9B26-43A3-43E0-8CF7-8812CD9825D0}.Release|Any CPU.ActiveCfg = Release|Any CPU
		{0BCB9B26-43A3-43E0-8CF7-8812CD9825D0}.Release|Any CPU.Build.0 = Release|Any CPU
		{0BCB9B26-43A3-43E0-8CF7-8812CD9825D0}.Release|ARM.ActiveCfg = Release|Any CPU
		{0BCB9B26-43A3-43E0-8CF7-8812CD9825D0}.Release|x86.ActiveCfg = Release|Any CPU
		{67A31BE7-852C-406F-9FF1-857CEBDC9C3F}.Debug|Any CPU.ActiveCfg = Debug|Any CPU
		{67A31BE7-852C-406F-9FF1-857CEBDC9C3F}.Debug|Any CPU.Build.0 = Debug|Any CPU
		{67A31BE7-852C-406F-9FF1-857CEBDC9C3F}.Debug|ARM.ActiveCfg = Debug|Any CPU
		{67A31BE7-852C-406F-9FF1-857CEBDC9C3F}.Debug|x86.ActiveCfg = Debug|Any CPU
		{67A31BE7-852C-406F-9FF1-857CEBDC9C3F}.Release|Any CPU.ActiveCfg = Release|Any CPU
		{67A31BE7-852C-406F-9FF1-857CEBDC9C3F}.Release|Any CPU.Build.0 = Release|Any CPU
		{67A31BE7-852C-406F-9FF1-857CEBDC9C3F}.Release|ARM.ActiveCfg = Release|Any CPU
		{67A31BE7-852C-406F-9FF1-857CEBDC9C3F}.Release|x86.ActiveCfg = Release|Any CPU
		{C6FE44D0-2DC9-4AC3-ACC9-5890F19512F7}.Debug|Any CPU.ActiveCfg = Debug|Any CPU
		{C6FE44D0-2DC9-4AC3-ACC9-5890F19512F7}.Debug|Any CPU.Build.0 = Debug|Any CPU
		{C6FE44D0-2DC9-4AC3-ACC9-5890F19512F7}.Debug|Any CPU.Deploy.0 = Debug|Any CPU
		{C6FE44D0-2DC9-4AC3-ACC9-5890F19512F7}.Debug|ARM.ActiveCfg = Debug|ARM
		{C6FE44D0-2DC9-4AC3-ACC9-5890F19512F7}.Debug|ARM.Build.0 = Debug|ARM
		{C6FE44D0-2DC9-4AC3-ACC9-5890F19512F7}.Debug|ARM.Deploy.0 = Debug|ARM
		{C6FE44D0-2DC9-4AC3-ACC9-5890F19512F7}.Debug|x86.ActiveCfg = Debug|x86
		{C6FE44D0-2DC9-4AC3-ACC9-5890F19512F7}.Debug|x86.Build.0 = Debug|x86
		{C6FE44D0-2DC9-4AC3-ACC9-5890F19512F7}.Debug|x86.Deploy.0 = Debug|x86
		{C6FE44D0-2DC9-4AC3-ACC9-5890F19512F7}.Release|Any CPU.ActiveCfg = Release|Any CPU
		{C6FE44D0-2DC9-4AC3-ACC9-5890F19512F7}.Release|Any CPU.Build.0 = Release|Any CPU
		{C6FE44D0-2DC9-4AC3-ACC9-5890F19512F7}.Release|Any CPU.Deploy.0 = Release|Any CPU
		{C6FE44D0-2DC9-4AC3-ACC9-5890F19512F7}.Release|ARM.ActiveCfg = Release|ARM
		{C6FE44D0-2DC9-4AC3-ACC9-5890F19512F7}.Release|ARM.Build.0 = Release|ARM
		{C6FE44D0-2DC9-4AC3-ACC9-5890F19512F7}.Release|ARM.Deploy.0 = Release|ARM
		{C6FE44D0-2DC9-4AC3-ACC9-5890F19512F7}.Release|x86.ActiveCfg = Release|x86
		{C6FE44D0-2DC9-4AC3-ACC9-5890F19512F7}.Release|x86.Build.0 = Release|x86
		{C6FE44D0-2DC9-4AC3-ACC9-5890F19512F7}.Release|x86.Deploy.0 = Release|x86
		{CC2C5C47-A12C-40B0-A468-DA20B92F6698}.Debug|Any CPU.ActiveCfg = Debug|Any CPU
		{CC2C5C47-A12C-40B0-A468-DA20B92F6698}.Debug|Any CPU.Build.0 = Debug|Any CPU
		{CC2C5C47-A12C-40B0-A468-DA20B92F6698}.Debug|ARM.ActiveCfg = Debug|ARM
		{CC2C5C47-A12C-40B0-A468-DA20B92F6698}.Debug|ARM.Build.0 = Debug|ARM
		{CC2C5C47-A12C-40B0-A468-DA20B92F6698}.Debug|x86.ActiveCfg = Debug|x86
		{CC2C5C47-A12C-40B0-A468-DA20B92F6698}.Debug|x86.Build.0 = Debug|x86
		{CC2C5C47-A12C-40B0-A468-DA20B92F6698}.Release|Any CPU.ActiveCfg = Release|Any CPU
		{CC2C5C47-A12C-40B0-A468-DA20B92F6698}.Release|Any CPU.Build.0 = Release|Any CPU
		{CC2C5C47-A12C-40B0-A468-DA20B92F6698}.Release|ARM.ActiveCfg = Release|ARM
		{CC2C5C47-A12C-40B0-A468-DA20B92F6698}.Release|ARM.Build.0 = Release|ARM
		{CC2C5C47-A12C-40B0-A468-DA20B92F6698}.Release|x86.ActiveCfg = Release|x86
		{CC2C5C47-A12C-40B0-A468-DA20B92F6698}.Release|x86.Build.0 = Release|x86
	EndGlobalSection
	GlobalSection(SolutionProperties) = preSolution
		HideSolutionNode = FALSE
	EndGlobalSection
EndGlobal
